
Microsoft Visual Studio Solution File, Format Version 12.00
# Visual Studio Version 17
VisualStudioVersion = 17.14.36401.2 d17.14
MinimumVisualStudioVersion = 10.0.40219.1
Project("{FAE04EC0-301F-11D3-BF4B-00C04F79EFBC}") = "Simulador de loteria", "Simulador de loteria.csproj", "{58380685-32BF-4E1D-81AA-D3379A936841}"
EndProject
Global
	GlobalSection(SolutionConfigurationPlatforms) = preSolution
		Debug|Any CPU = Debug|Any CPU
		Release|Any CPU = Release|Any CPU
	EndGlobalSection
	GlobalSection(ProjectConfigurationPlatforms) = postSolution
		{58380685-32BF-4E1D-81AA-D3379A936841}.Debug|Any CPU.ActiveCfg = Debug|Any CPU
		{58380685-32BF-4E1D-81AA-D3379A936841}.Debug|Any CPU.Build.0 = Debug|Any CPU
		{58380685-32BF-4E1D-81AA-D3379A936841}.Release|Any CPU.ActiveCfg = Release|Any CPU
		{58380685-32BF-4E1D-81AA-D3379A936841}.Release|Any CPU.Build.0 = Release|Any CPU
	EndGlobalSection
	GlobalSection(SolutionProperties) = preSolution
		HideSolutionNode = FALSE
	EndGlobalSection
	GlobalSection(ExtensibilityGlobals) = postSolution
		SolutionGuid = {668A2B99-BB55-4C85-B428-C73A8CD57012}
	EndGlobalSection
EndGlobal
